
Microsoft Visual Studio Solution File, Format Version 12.00
# Visual Studio Version 17
VisualStudioVersion = 17.9.34728.123
MinimumVisualStudioVersion = 10.0.40219.1
Project("{FAE04EC0-301F-11D3-BF4B-00C04F79EFBC}") = "Trabajo Practico Final ProgII", "Trabajo Practico Final ProgII\Trabajo Practico Final ProgII.csproj", "{BDD2FDC8-BA1C-480F-87EA-5F1E041A0D51}"
EndProject
Global
	GlobalSection(SolutionConfigurationPlatforms) = preSolution
		Debug|Any CPU = Debug|Any CPU
		Release|Any CPU = Release|Any CPU
	EndGlobalSection
	GlobalSection(ProjectConfigurationPlatforms) = postSolution
		{BDD2FDC8-BA1C-480F-87EA-5F1E041A0D51}.Debug|Any CPU.ActiveCfg = Debug|Any CPU
		{BDD2FDC8-BA1C-480F-87EA-5F1E041A0D51}.Debug|Any CPU.Build.0 = Debug|Any CPU
		{BDD2FDC8-BA1C-480F-87EA-5F1E041A0D51}.Release|Any CPU.ActiveCfg = Release|Any CPU
		{BDD2FDC8-BA1C-480F-87EA-5F1E041A0D51}.Release|Any CPU.Build.0 = Release|Any CPU
	EndGlobalSection
	GlobalSection(SolutionProperties) = preSolution
		HideSolutionNode = FALSE
	EndGlobalSection
	GlobalSection(ExtensibilityGlobals) = postSolution
		SolutionGuid = {9199525B-42AD-4F53-AC7F-46748748D6F4}
	EndGlobalSection
EndGlobal
